
Microsoft Visual Studio Solution File, Format Version 12.00
# Visual Studio 2015
Project("{FAE04EC0-301F-11D3-BF4B-00C04F79EFBC}") = "ManJay.CSharp", "ManJay.CSharp.csproj", "{A3F0A956-830F-A369-E05F-D19192296B87}"
EndProject
Project("{FAE04EC0-301F-11D3-BF4B-00C04F79EFBC}") = "ManJay.CSharp.Editor", "ManJay.CSharp.Editor.csproj", "{09096DE1-627B-BC4B-62DF-249E606B561B}"
EndProject
Global
	GlobalSection(SolutionConfigurationPlatforms) = preSolution
		Debug|Any CPU = Debug|Any CPU
		Release|Any CPU = Release|Any CPU
	EndGlobalSection
	GlobalSection(ProjectConfigurationPlatforms) = postSolution
		{A3F0A956-830F-A369-E05F-D19192296B87}.Debug|Any CPU.ActiveCfg = Debug|Any CPU
		{A3F0A956-830F-A369-E05F-D19192296B87}.Debug|Any CPU.Build.0 = Debug|Any CPU
		{A3F0A956-830F-A369-E05F-D19192296B87}.Release|Any CPU.ActiveCfg = Release|Any CPU
		{A3F0A956-830F-A369-E05F-D19192296B87}.Release|Any CPU.Build.0 = Release|Any CPU
		{09096DE1-627B-BC4B-62DF-249E606B561B}.Debug|Any CPU.ActiveCfg = Debug|Any CPU
		{09096DE1-627B-BC4B-62DF-249E606B561B}.Debug|Any CPU.Build.0 = Debug|Any CPU
		{09096DE1-627B-BC4B-62DF-249E606B561B}.Release|Any CPU.ActiveCfg = Release|Any CPU
		{09096DE1-627B-BC4B-62DF-249E606B561B}.Release|Any CPU.Build.0 = Release|Any CPU
	EndGlobalSection
	GlobalSection(SolutionProperties) = preSolution
		HideSolutionNode = FALSE
	EndGlobalSection
EndGlobal
