Microsoft Visual Studio Solution File, Format Version 11.00
# Visual Studio 2008

Project("{AD810D7E-FC8B-1785-6C03-ACFFB72B7AB0}") = "ManJay", "Assembly-CSharp.csproj", "{3DD67C5D-5C6C-68FF-6C55-9198B965682B}"
EndProject
Project("{AD810D7E-FC8B-1785-6C03-ACFFB72B7AB0}") = "ManJay", "Assembly-CSharp-Editor.csproj", "{79595264-9794-90F9-4F5B-2419A61F68C9}"
EndProject
Global
	GlobalSection(SolutionConfigurationPlatforms) = preSolution
		Debug|Any CPU = Debug|Any CPU
		Release|Any CPU = Release|Any CPU
	EndGlobalSection
	GlobalSection(ProjectConfigurationPlatforms) = postSolution
		{3DD67C5D-5C6C-68FF-6C55-9198B965682B}.Debug|Any CPU.ActiveCfg = Debug|Any CPU
		{3DD67C5D-5C6C-68FF-6C55-9198B965682B}.Debug|Any CPU.Build.0 = Debug|Any CPU
		{3DD67C5D-5C6C-68FF-6C55-9198B965682B}.Release|Any CPU.ActiveCfg = Release|Any CPU
		{3DD67C5D-5C6C-68FF-6C55-9198B965682B}.Release|Any CPU.Build.0 = Release|Any CPU
		{79595264-9794-90F9-4F5B-2419A61F68C9}.Debug|Any CPU.ActiveCfg = Debug|Any CPU
		{79595264-9794-90F9-4F5B-2419A61F68C9}.Debug|Any CPU.Build.0 = Debug|Any CPU
		{79595264-9794-90F9-4F5B-2419A61F68C9}.Release|Any CPU.ActiveCfg = Release|Any CPU
		{79595264-9794-90F9-4F5B-2419A61F68C9}.Release|Any CPU.Build.0 = Release|Any CPU
	EndGlobalSection
	GlobalSection(SolutionProperties) = preSolution
		HideSolutionNode = FALSE
	EndGlobalSection
	GlobalSection(MonoDevelopProperties) = preSolution
		StartupItem = Assembly-CSharp.csproj
	EndGlobalSection
EndGlobal
